
Microsoft Visual Studio Solution File, Format Version 12.00
# Visual Studio Version 17
VisualStudioVersion = 17.7.34031.279
MinimumVisualStudioVersion = 10.0.40219.1
Project("{FAE04EC0-301F-11D3-BF4B-00C04F79EFBC}") = "laboratorio5.Android", "laboratorio5\laboratorio5.Android\laboratorio5.Android.csproj", "{7209528F-924E-448C-A7C4-E62F906F2E15}"
EndProject
Project("{FAE04EC0-301F-11D3-BF4B-00C04F79EFBC}") = "laboratorio5.iOS", "laboratorio5\laboratorio5.iOS\laboratorio5.iOS.csproj", "{0B4EB264-DF76-4944-877C-F3D720A9ACA1}"
EndProject
Project("{FAE04EC0-301F-11D3-BF4B-00C04F79EFBC}") = "laboratorio5", "laboratorio5\laboratorio5\laboratorio5.csproj", "{15DD30AB-75C6-4BA9-8356-B41E64618E58}"
EndProject
Global
	GlobalSection(SolutionConfigurationPlatforms) = preSolution
		Debug|Any CPU = Debug|Any CPU
		Debug|iPhone = Debug|iPhone
		Debug|iPhoneSimulator = Debug|iPhoneSimulator
		Release|Any CPU = Release|Any CPU
		Release|iPhone = Release|iPhone
		Release|iPhoneSimulator = Release|iPhoneSimulator
	EndGlobalSection
	GlobalSection(ProjectConfigurationPlatforms) = postSolution
		{7209528F-924E-448C-A7C4-E62F906F2E15}.Debug|Any CPU.ActiveCfg = Debug|Any CPU
		{7209528F-924E-448C-A7C4-E62F906F2E15}.Debug|Any CPU.Build.0 = Debug|Any CPU
		{7209528F-924E-448C-A7C4-E62F906F2E15}.Debug|Any CPU.Deploy.0 = Debug|Any CPU
		{7209528F-924E-448C-A7C4-E62F906F2E15}.Debug|iPhone.ActiveCfg = Debug|Any CPU
		{7209528F-924E-448C-A7C4-E62F906F2E15}.Debug|iPhone.Build.0 = Debug|Any CPU
		{7209528F-924E-448C-A7C4-E62F906F2E15}.Debug|iPhone.Deploy.0 = Debug|Any CPU
		{7209528F-924E-448C-A7C4-E62F906F2E15}.Debug|iPhoneSimulator.ActiveCfg = Debug|Any CPU
		{7209528F-924E-448C-A7C4-E62F906F2E15}.Debug|iPhoneSimulator.Build.0 = Debug|Any CPU
		{7209528F-924E-448C-A7C4-E62F906F2E15}.Debug|iPhoneSimulator.Deploy.0 = Debug|Any CPU
		{7209528F-924E-448C-A7C4-E62F906F2E15}.Release|Any CPU.ActiveCfg = Release|Any CPU
		{7209528F-924E-448C-A7C4-E62F906F2E15}.Release|Any CPU.Build.0 = Release|Any CPU
		{7209528F-924E-448C-A7C4-E62F906F2E15}.Release|Any CPU.Deploy.0 = Release|Any CPU
		{7209528F-924E-448C-A7C4-E62F906F2E15}.Release|iPhone.ActiveCfg = Release|Any CPU
		{7209528F-924E-448C-A7C4-E62F906F2E15}.Release|iPhone.Build.0 = Release|Any CPU
		{7209528F-924E-448C-A7C4-E62F906F2E15}.Release|iPhone.Deploy.0 = Release|Any CPU
		{7209528F-924E-448C-A7C4-E62F906F2E15}.Release|iPhoneSimulator.ActiveCfg = Release|Any CPU
		{7209528F-924E-448C-A7C4-E62F906F2E15}.Release|iPhoneSimulator.Build.0 = Release|Any CPU
		{7209528F-924E-448C-A7C4-E62F906F2E15}.Release|iPhoneSimulator.Deploy.0 = Release|Any CPU
		{0B4EB264-DF76-4944-877C-F3D720A9ACA1}.Debug|Any CPU.ActiveCfg = Debug|iPhone
		{0B4EB264-DF76-4944-877C-F3D720A9ACA1}.Debug|Any CPU.Build.0 = Debug|iPhone
		{0B4EB264-DF76-4944-877C-F3D720A9ACA1}.Debug|Any CPU.Deploy.0 = Debug|iPhone
		{0B4EB264-DF76-4944-877C-F3D720A9ACA1}.Debug|iPhone.ActiveCfg = Debug|iPhone
		{0B4EB264-DF76-4944-877C-F3D720A9ACA1}.Debug|iPhone.Build.0 = Debug|iPhone
		{0B4EB264-DF76-4944-877C-F3D720A9ACA1}.Debug|iPhone.Deploy.0 = Debug|iPhone
		{0B4EB264-DF76-4944-877C-F3D720A9ACA1}.Debug|iPhoneSimulator.ActiveCfg = Debug|iPhoneSimulator
		{0B4EB264-DF76-4944-877C-F3D720A9ACA1}.Debug|iPhoneSimulator.Build.0 = Debug|iPhoneSimulator
		{0B4EB264-DF76-4944-877C-F3D720A9ACA1}.Debug|iPhoneSimulator.Deploy.0 = Debug|iPhoneSimulator
		{0B4EB264-DF76-4944-877C-F3D720A9ACA1}.Release|Any CPU.ActiveCfg = Release|iPhoneSimulator
		{0B4EB264-DF76-4944-877C-F3D720A9ACA1}.Release|Any CPU.Build.0 = Release|iPhoneSimulator
		{0B4EB264-DF76-4944-877C-F3D720A9ACA1}.Release|Any CPU.Deploy.0 = Release|iPhoneSimulator
		{0B4EB264-DF76-4944-877C-F3D720A9ACA1}.Release|iPhone.ActiveCfg = Release|iPhone
		{0B4EB264-DF76-4944-877C-F3D720A9ACA1}.Release|iPhone.Build.0 = Release|iPhone
		{0B4EB264-DF76-4944-877C-F3D720A9ACA1}.Release|iPhone.Deploy.0 = Release|iPhone
		{0B4EB264-DF76-4944-877C-F3D720A9ACA1}.Release|iPhoneSimulator.ActiveCfg = Release|iPhoneSimulator
		{0B4EB264-DF76-4944-877C-F3D720A9ACA1}.Release|iPhoneSimulator.Build.0 = Release|iPhoneSimulator
		{0B4EB264-DF76-4944-877C-F3D720A9ACA1}.Release|iPhoneSimulator.Deploy.0 = Release|iPhoneSimulator
		{15DD30AB-75C6-4BA9-8356-B41E64618E58}.Debug|Any CPU.ActiveCfg = Debug|Any CPU
		{15DD30AB-75C6-4BA9-8356-B41E64618E58}.Debug|Any CPU.Build.0 = Debug|Any CPU
		{15DD30AB-75C6-4BA9-8356-B41E64618E58}.Debug|Any CPU.Deploy.0 = Debug|Any CPU
		{15DD30AB-75C6-4BA9-8356-B41E64618E58}.Debug|iPhone.ActiveCfg = Debug|Any CPU
		{15DD30AB-75C6-4BA9-8356-B41E64618E58}.Debug|iPhone.Build.0 = Debug|Any CPU
		{15DD30AB-75C6-4BA9-8356-B41E64618E58}.Debug|iPhone.Deploy.0 = Debug|Any CPU
		{15DD30AB-75C6-4BA9-8356-B41E64618E58}.Debug|iPhoneSimulator.ActiveCfg = Debug|Any CPU
		{15DD30AB-75C6-4BA9-8356-B41E64618E58}.Debug|iPhoneSimulator.Build.0 = Debug|Any CPU
		{15DD30AB-75C6-4BA9-8356-B41E64618E58}.Debug|iPhoneSimulator.Deploy.0 = Debug|Any CPU
		{15DD30AB-75C6-4BA9-8356-B41E64618E58}.Release|Any CPU.ActiveCfg = Release|Any CPU
		{15DD30AB-75C6-4BA9-8356-B41E64618E58}.Release|Any CPU.Build.0 = Release|Any CPU
		{15DD30AB-75C6-4BA9-8356-B41E64618E58}.Release|Any CPU.Deploy.0 = Release|Any CPU
		{15DD30AB-75C6-4BA9-8356-B41E64618E58}.Release|iPhone.ActiveCfg = Release|Any CPU
		{15DD30AB-75C6-4BA9-8356-B41E64618E58}.Release|iPhone.Build.0 = Release|Any CPU
		{15DD30AB-75C6-4BA9-8356-B41E64618E58}.Release|iPhone.Deploy.0 = Release|Any CPU
		{15DD30AB-75C6-4BA9-8356-B41E64618E58}.Release|iPhoneSimulator.ActiveCfg = Release|Any CPU
		{15DD30AB-75C6-4BA9-8356-B41E64618E58}.Release|iPhoneSimulator.Build.0 = Release|Any CPU
		{15DD30AB-75C6-4BA9-8356-B41E64618E58}.Release|iPhoneSimulator.Deploy.0 = Release|Any CPU
	EndGlobalSection
	GlobalSection(SolutionProperties) = preSolution
		HideSolutionNode = FALSE
	EndGlobalSection
	GlobalSection(ExtensibilityGlobals) = postSolution
		SolutionGuid = {60F68C0D-F1BD-49FF-B5A8-2EED61AF0900}
	EndGlobalSection
EndGlobal
